
Microsoft Visual Studio Solution File, Format Version 12.00
# Visual Studio Version 16
VisualStudioVersion = 16.0.30717.126
MinimumVisualStudioVersion = 10.0.40219.1
Project("{FAE04EC0-301F-11D3-BF4B-00C04F79EFBC}") = "CP02Tp1", "CP02Tp1\CP02Tp1.csproj", "{ED13C9A1-FAAE-44C5-8D53-E78778F44D40}"
EndProject
Global
	GlobalSection(SolutionConfigurationPlatforms) = preSolution
		Debug|Any CPU = Debug|Any CPU
		Release|Any CPU = Release|Any CPU
	EndGlobalSection
	GlobalSection(ProjectConfigurationPlatforms) = postSolution
		{ED13C9A1-FAAE-44C5-8D53-E78778F44D40}.Debug|Any CPU.ActiveCfg = Debug|Any CPU
		{ED13C9A1-FAAE-44C5-8D53-E78778F44D40}.Debug|Any CPU.Build.0 = Debug|Any CPU
		{ED13C9A1-FAAE-44C5-8D53-E78778F44D40}.Release|Any CPU.ActiveCfg = Release|Any CPU
		{ED13C9A1-FAAE-44C5-8D53-E78778F44D40}.Release|Any CPU.Build.0 = Release|Any CPU
	EndGlobalSection
	GlobalSection(SolutionProperties) = preSolution
		HideSolutionNode = FALSE
	EndGlobalSection
	GlobalSection(ExtensibilityGlobals) = postSolution
		SolutionGuid = {EB865038-C507-4E6F-BC96-C2C7C21EE816}
	EndGlobalSection
EndGlobal
